
Microsoft Visual Studio Solution File, Format Version 12.00
# Visual Studio 15
VisualStudioVersion = 15.0.28307.572
MinimumVisualStudioVersion = 10.0.40219.1
Project("{FAE04EC0-301F-11D3-BF4B-00C04F79EFBC}") = "InterfaceAPI", "InterfaceAPI.csproj", "{08139FED-9DDB-4A65-B063-C51A3D3343AA}"
EndProject
Global
	GlobalSection(SolutionConfigurationPlatforms) = preSolution
		Debug|Any CPU = Debug|Any CPU
		Release|Any CPU = Release|Any CPU
	EndGlobalSection
	GlobalSection(ProjectConfigurationPlatforms) = postSolution
		{08139FED-9DDB-4A65-B063-C51A3D3343AA}.Debug|Any CPU.ActiveCfg = Debug|Any CPU
		{08139FED-9DDB-4A65-B063-C51A3D3343AA}.Debug|Any CPU.Build.0 = Debug|Any CPU
		{08139FED-9DDB-4A65-B063-C51A3D3343AA}.Release|Any CPU.ActiveCfg = Release|Any CPU
		{08139FED-9DDB-4A65-B063-C51A3D3343AA}.Release|Any CPU.Build.0 = Release|Any CPU
	EndGlobalSection
	GlobalSection(SolutionProperties) = preSolution
		HideSolutionNode = FALSE
	EndGlobalSection
	GlobalSection(ExtensibilityGlobals) = postSolution
		SolutionGuid = {10AC9A82-755C-482B-9E59-B41BCB94075B}
	EndGlobalSection
EndGlobal
